
Microsoft Visual Studio Solution File, Format Version 12.00
# Visual Studio Version 17
VisualStudioVersion = 17.9.34728.123
MinimumVisualStudioVersion = 10.0.40219.1
Project("{FAE04EC0-301F-11D3-BF4B-00C04F79EFBC}") = "Week2", "Week2\Week2.csproj", "{2BCDEFFB-505C-4944-89F4-28C7849A2E95}"
EndProject
Project("{FAE04EC0-301F-11D3-BF4B-00C04F79EFBC}") = "UserGenderValidation", "UserAgeValidation\UserGenderValidation.csproj", "{9171BE82-4759-4B93-8237-18877805A937}"
EndProject
Project("{FAE04EC0-301F-11D3-BF4B-00C04F79EFBC}") = "UserAgeValidation1", "UserAgeValidation1\UserAgeValidation1.csproj", "{235DD394-C8B3-4E02-A500-EA54080CB339}"
EndProject
Global
	GlobalSection(SolutionConfigurationPlatforms) = preSolution
		Debug|Any CPU = Debug|Any CPU
		Release|Any CPU = Release|Any CPU
	EndGlobalSection
	GlobalSection(ProjectConfigurationPlatforms) = postSolution
		{2BCDEFFB-505C-4944-89F4-28C7849A2E95}.Debug|Any CPU.ActiveCfg = Debug|Any CPU
		{2BCDEFFB-505C-4944-89F4-28C7849A2E95}.Debug|Any CPU.Build.0 = Debug|Any CPU
		{2BCDEFFB-505C-4944-89F4-28C7849A2E95}.Release|Any CPU.ActiveCfg = Release|Any CPU
		{2BCDEFFB-505C-4944-89F4-28C7849A2E95}.Release|Any CPU.Build.0 = Release|Any CPU
		{9171BE82-4759-4B93-8237-18877805A937}.Debug|Any CPU.ActiveCfg = Debug|Any CPU
		{9171BE82-4759-4B93-8237-18877805A937}.Debug|Any CPU.Build.0 = Debug|Any CPU
		{9171BE82-4759-4B93-8237-18877805A937}.Release|Any CPU.ActiveCfg = Release|Any CPU
		{9171BE82-4759-4B93-8237-18877805A937}.Release|Any CPU.Build.0 = Release|Any CPU
		{235DD394-C8B3-4E02-A500-EA54080CB339}.Debug|Any CPU.ActiveCfg = Debug|Any CPU
		{235DD394-C8B3-4E02-A500-EA54080CB339}.Debug|Any CPU.Build.0 = Debug|Any CPU
		{235DD394-C8B3-4E02-A500-EA54080CB339}.Release|Any CPU.ActiveCfg = Release|Any CPU
		{235DD394-C8B3-4E02-A500-EA54080CB339}.Release|Any CPU.Build.0 = Release|Any CPU
	EndGlobalSection
	GlobalSection(SolutionProperties) = preSolution
		HideSolutionNode = FALSE
	EndGlobalSection
	GlobalSection(ExtensibilityGlobals) = postSolution
		SolutionGuid = {C092E268-0D62-4D1A-A295-D50893446B24}
	EndGlobalSection
EndGlobal
